
Microsoft Visual Studio Solution File, Format Version 12.00
# Visual Studio 15
VisualStudioVersion = 15.0.27428.2037
MinimumVisualStudioVersion = 10.0.40219.1
Project("{FAE04EC0-301F-11D3-BF4B-00C04F79EFBC}") = "WebBanDT", "WebBanDT\WebBanDT.csproj", "{7898040B-7A99-4CF3-A689-67798011BC37}"
EndProject
Global
	GlobalSection(SolutionConfigurationPlatforms) = preSolution
		Debug|Any CPU = Debug|Any CPU
		Release|Any CPU = Release|Any CPU
	EndGlobalSection
	GlobalSection(ProjectConfigurationPlatforms) = postSolution
		{7898040B-7A99-4CF3-A689-67798011BC37}.Debug|Any CPU.ActiveCfg = Debug|Any CPU
		{7898040B-7A99-4CF3-A689-67798011BC37}.Debug|Any CPU.Build.0 = Debug|Any CPU
		{7898040B-7A99-4CF3-A689-67798011BC37}.Release|Any CPU.ActiveCfg = Release|Any CPU
		{7898040B-7A99-4CF3-A689-67798011BC37}.Release|Any CPU.Build.0 = Release|Any CPU
	EndGlobalSection
	GlobalSection(SolutionProperties) = preSolution
		HideSolutionNode = FALSE
	EndGlobalSection
	GlobalSection(ExtensibilityGlobals) = postSolution
		SolutionGuid = {EE385A76-D10E-43BC-B324-DF86A0C5B1BF}
	EndGlobalSection
EndGlobal
